
Microsoft Visual Studio Solution File, Format Version 12.00
# Visual Studio Version 16
VisualStudioVersion = 16.0.31205.134
MinimumVisualStudioVersion = 10.0.40219.1
Project("{9A19103F-16F7-4668-BE54-9A1E7A4F7556}") = "RecursividadeAtividdade1", "RecursividadeAtividdade1\RecursividadeAtividdade1.csproj", "{43892D49-4C21-49F8-9DE9-1F5D9A6FACDE}"
EndProject
Global
	GlobalSection(SolutionConfigurationPlatforms) = preSolution
		Debug|Any CPU = Debug|Any CPU
		Release|Any CPU = Release|Any CPU
	EndGlobalSection
	GlobalSection(ProjectConfigurationPlatforms) = postSolution
		{43892D49-4C21-49F8-9DE9-1F5D9A6FACDE}.Debug|Any CPU.ActiveCfg = Debug|Any CPU
		{43892D49-4C21-49F8-9DE9-1F5D9A6FACDE}.Debug|Any CPU.Build.0 = Debug|Any CPU
		{43892D49-4C21-49F8-9DE9-1F5D9A6FACDE}.Release|Any CPU.ActiveCfg = Release|Any CPU
		{43892D49-4C21-49F8-9DE9-1F5D9A6FACDE}.Release|Any CPU.Build.0 = Release|Any CPU
	EndGlobalSection
	GlobalSection(SolutionProperties) = preSolution
		HideSolutionNode = FALSE
	EndGlobalSection
	GlobalSection(ExtensibilityGlobals) = postSolution
		SolutionGuid = {864E6F87-6052-41BE-A37F-75A3EBC6BAA8}
	EndGlobalSection
EndGlobal
